
Microsoft Visual Studio Solution File, Format Version 12.00
# Visual Studio Version 16
VisualStudioVersion = 16.0.28729.10
MinimumVisualStudioVersion = 10.0.40219.1
Project("{2150E333-8FDC-42A3-9474-1A3956D46DE8}") = "src", "src", "{63395248-E549-4CEA-858B-DEAB098DF7E3}"
EndProject
Project("{2150E333-8FDC-42A3-9474-1A3956D46DE8}") = "test", "test", "{D895C13B-D1D7-4483-8697-9CF68B2AD22F}"
EndProject
Project("{2150E333-8FDC-42A3-9474-1A3956D46DE8}") = "samples", "samples", "{80015E01-44D6-4F23-BE7C-820A37074418}"
EndProject
Project("{9A19103F-16F7-4668-BE54-9A1E7A4F7556}") = "WeihanLi.Common", "src\WeihanLi.Common\WeihanLi.Common.csproj", "{E473BF99-CFDA-492C-A3CF-7A06BC0FC520}"
EndProject
Project("{9A19103F-16F7-4668-BE54-9A1E7A4F7556}") = "WeihanLi.Common.Test", "test\WeihanLi.Common.Test\WeihanLi.Common.Test.csproj", "{8AC25DA0-14E2-44AA-9407-E2E6D9017869}"
EndProject
Project("{9A19103F-16F7-4668-BE54-9A1E7A4F7556}") = "DotNetCoreSample", "samples\DotNetCoreSample\DotNetCoreSample.csproj", "{96ABA64E-FE2A-4103-8C53-C277AE506068}"
EndProject
Project("{9A19103F-16F7-4668-BE54-9A1E7A4F7556}") = "AspNetCoreSample", "samples\AspNetCoreSample\AspNetCoreSample.csproj", "{5A45C3FA-1E12-42A0-910E-18A0CF3D288A}"
EndProject
Project("{2150E333-8FDC-42A3-9474-1A3956D46DE8}") = "perf", "perf", "{E7873908-B10D-4AA8-B2E0-198123026E0B}"
EndProject
Project("{9A19103F-16F7-4668-BE54-9A1E7A4F7556}") = "WeihanLi.Common.Benchmark", "perf\WeihanLi.Common.Benchmark\WeihanLi.Common.Benchmark.csproj", "{FE575EBF-A41F-41AE-A865-E7F2E2FD90B4}"
EndProject
Project("{9A19103F-16F7-4668-BE54-9A1E7A4F7556}") = "WeihanLi.Data", "src\WeihanLi.Data\WeihanLi.Data.csproj", "{911AB29A-5607-4CAF-B9FF-A20B0BDDA5B8}"
EndProject
Project("{9A19103F-16F7-4668-BE54-9A1E7A4F7556}") = "WeihanLi.Common.Logging.Log4Net", "src\WeihanLi.Common.Logging.Log4Net\WeihanLi.Common.Logging.Log4Net.csproj", "{3EC7DC81-3B6A-4C7B-BF25-AD14F7BDC6D3}"
EndProject
Project("{9A19103F-16F7-4668-BE54-9A1E7A4F7556}") = "WeihanLi.Common.Logging.Serilog", "src\WeihanLi.Common.Logging.Serilog\WeihanLi.Common.Logging.Serilog.csproj", "{BBD103A7-78BC-4B31-9DA7-2E79FA266E22}"
EndProject
Project("{9A19103F-16F7-4668-BE54-9A1E7A4F7556}") = "WeihanLi.Common.Aspect.Castle", "src\WeihanLi.Common.Aspect.Castle\WeihanLi.Common.Aspect.Castle.csproj", "{67AF4380-35BA-4FBE-A53A-DBC822FF00B2}"
EndProject
Project("{9A19103F-16F7-4668-BE54-9A1E7A4F7556}") = "WeihanLi.Common.Aspect.AspectCore", "src\WeihanLi.Common.Aspect.AspectCore\WeihanLi.Common.Aspect.AspectCore.csproj", "{A58FF0A2-BECB-4B35-975E-6F56BBFE2501}"
EndProject
Global
	GlobalSection(SolutionConfigurationPlatforms) = preSolution
		Debug|Any CPU = Debug|Any CPU
		Release|Any CPU = Release|Any CPU
	EndGlobalSection
	GlobalSection(ProjectConfigurationPlatforms) = postSolution
		{E473BF99-CFDA-492C-A3CF-7A06BC0FC520}.Debug|Any CPU.ActiveCfg = Debug|Any CPU
		{E473BF99-CFDA-492C-A3CF-7A06BC0FC520}.Debug|Any CPU.Build.0 = Debug|Any CPU
		{E473BF99-CFDA-492C-A3CF-7A06BC0FC520}.Release|Any CPU.ActiveCfg = Release|Any CPU
		{E473BF99-CFDA-492C-A3CF-7A06BC0FC520}.Release|Any CPU.Build.0 = Release|Any CPU
		{8AC25DA0-14E2-44AA-9407-E2E6D9017869}.Debug|Any CPU.ActiveCfg = Debug|Any CPU
		{8AC25DA0-14E2-44AA-9407-E2E6D9017869}.Debug|Any CPU.Build.0 = Debug|Any CPU
		{8AC25DA0-14E2-44AA-9407-E2E6D9017869}.Release|Any CPU.ActiveCfg = Release|Any CPU
		{8AC25DA0-14E2-44AA-9407-E2E6D9017869}.Release|Any CPU.Build.0 = Release|Any CPU
		{96ABA64E-FE2A-4103-8C53-C277AE506068}.Debug|Any CPU.ActiveCfg = Debug|Any CPU
		{96ABA64E-FE2A-4103-8C53-C277AE506068}.Debug|Any CPU.Build.0 = Debug|Any CPU
		{96ABA64E-FE2A-4103-8C53-C277AE506068}.Release|Any CPU.ActiveCfg = Release|Any CPU
		{96ABA64E-FE2A-4103-8C53-C277AE506068}.Release|Any CPU.Build.0 = Release|Any CPU
		{5A45C3FA-1E12-42A0-910E-18A0CF3D288A}.Debug|Any CPU.ActiveCfg = Debug|Any CPU
		{5A45C3FA-1E12-42A0-910E-18A0CF3D288A}.Debug|Any CPU.Build.0 = Debug|Any CPU
		{5A45C3FA-1E12-42A0-910E-18A0CF3D288A}.Release|Any CPU.ActiveCfg = Release|Any CPU
		{5A45C3FA-1E12-42A0-910E-18A0CF3D288A}.Release|Any CPU.Build.0 = Release|Any CPU
		{FE575EBF-A41F-41AE-A865-E7F2E2FD90B4}.Debug|Any CPU.ActiveCfg = Debug|Any CPU
		{FE575EBF-A41F-41AE-A865-E7F2E2FD90B4}.Debug|Any CPU.Build.0 = Debug|Any CPU
		{FE575EBF-A41F-41AE-A865-E7F2E2FD90B4}.Release|Any CPU.ActiveCfg = Release|Any CPU
		{FE575EBF-A41F-41AE-A865-E7F2E2FD90B4}.Release|Any CPU.Build.0 = Release|Any CPU
		{911AB29A-5607-4CAF-B9FF-A20B0BDDA5B8}.Debug|Any CPU.ActiveCfg = Debug|Any CPU
		{911AB29A-5607-4CAF-B9FF-A20B0BDDA5B8}.Debug|Any CPU.Build.0 = Debug|Any CPU
		{911AB29A-5607-4CAF-B9FF-A20B0BDDA5B8}.Release|Any CPU.ActiveCfg = Release|Any CPU
		{911AB29A-5607-4CAF-B9FF-A20B0BDDA5B8}.Release|Any CPU.Build.0 = Release|Any CPU
		{3EC7DC81-3B6A-4C7B-BF25-AD14F7BDC6D3}.Debug|Any CPU.ActiveCfg = Debug|Any CPU
		{3EC7DC81-3B6A-4C7B-BF25-AD14F7BDC6D3}.Debug|Any CPU.Build.0 = Debug|Any CPU
		{3EC7DC81-3B6A-4C7B-BF25-AD14F7BDC6D3}.Release|Any CPU.ActiveCfg = Release|Any CPU
		{3EC7DC81-3B6A-4C7B-BF25-AD14F7BDC6D3}.Release|Any CPU.Build.0 = Release|Any CPU
		{BBD103A7-78BC-4B31-9DA7-2E79FA266E22}.Debug|Any CPU.ActiveCfg = Debug|Any CPU
		{BBD103A7-78BC-4B31-9DA7-2E79FA266E22}.Debug|Any CPU.Build.0 = Debug|Any CPU
		{BBD103A7-78BC-4B31-9DA7-2E79FA266E22}.Release|Any CPU.ActiveCfg = Release|Any CPU
		{BBD103A7-78BC-4B31-9DA7-2E79FA266E22}.Release|Any CPU.Build.0 = Release|Any CPU
		{67AF4380-35BA-4FBE-A53A-DBC822FF00B2}.Debug|Any CPU.ActiveCfg = Debug|Any CPU
		{67AF4380-35BA-4FBE-A53A-DBC822FF00B2}.Debug|Any CPU.Build.0 = Debug|Any CPU
		{67AF4380-35BA-4FBE-A53A-DBC822FF00B2}.Release|Any CPU.ActiveCfg = Release|Any CPU
		{67AF4380-35BA-4FBE-A53A-DBC822FF00B2}.Release|Any CPU.Build.0 = Release|Any CPU
		{A58FF0A2-BECB-4B35-975E-6F56BBFE2501}.Debug|Any CPU.ActiveCfg = Debug|Any CPU
		{A58FF0A2-BECB-4B35-975E-6F56BBFE2501}.Debug|Any CPU.Build.0 = Debug|Any CPU
		{A58FF0A2-BECB-4B35-975E-6F56BBFE2501}.Release|Any CPU.ActiveCfg = Release|Any CPU
		{A58FF0A2-BECB-4B35-975E-6F56BBFE2501}.Release|Any CPU.Build.0 = Release|Any CPU
	EndGlobalSection
	GlobalSection(SolutionProperties) = preSolution
		HideSolutionNode = FALSE
	EndGlobalSection
	GlobalSection(NestedProjects) = preSolution
		{E473BF99-CFDA-492C-A3CF-7A06BC0FC520} = {63395248-E549-4CEA-858B-DEAB098DF7E3}
		{8AC25DA0-14E2-44AA-9407-E2E6D9017869} = {D895C13B-D1D7-4483-8697-9CF68B2AD22F}
		{96ABA64E-FE2A-4103-8C53-C277AE506068} = {80015E01-44D6-4F23-BE7C-820A37074418}
		{5A45C3FA-1E12-42A0-910E-18A0CF3D288A} = {80015E01-44D6-4F23-BE7C-820A37074418}
		{FE575EBF-A41F-41AE-A865-E7F2E2FD90B4} = {E7873908-B10D-4AA8-B2E0-198123026E0B}
		{911AB29A-5607-4CAF-B9FF-A20B0BDDA5B8} = {63395248-E549-4CEA-858B-DEAB098DF7E3}
		{3EC7DC81-3B6A-4C7B-BF25-AD14F7BDC6D3} = {63395248-E549-4CEA-858B-DEAB098DF7E3}
		{BBD103A7-78BC-4B31-9DA7-2E79FA266E22} = {63395248-E549-4CEA-858B-DEAB098DF7E3}
		{67AF4380-35BA-4FBE-A53A-DBC822FF00B2} = {63395248-E549-4CEA-858B-DEAB098DF7E3}
		{A58FF0A2-BECB-4B35-975E-6F56BBFE2501} = {63395248-E549-4CEA-858B-DEAB098DF7E3}
	EndGlobalSection
	GlobalSection(ExtensibilityGlobals) = postSolution
		SolutionGuid = {02FEB140-185F-4225-9FBE-BE7005ED6DC9}
	EndGlobalSection
EndGlobal
